// !$*UTF8*$!
{
	archiveVersion = 1;
	classes = {
	};
	objectVersion = 55;
	objects = {

/* Begin PBXBuildFile section */
		23C80136276E548B00038BE3 /* AppDelegate.swift in Sources */ = {isa = PBXBuildFile; fileRef = 23C80135276E548B00038BE3 /* AppDelegate.swift */; };
		23C80138276E548B00038BE3 /* SceneDelegate.swift in Sources */ = {isa = PBXBuildFile; fileRef = 23C80137276E548B00038BE3 /* SceneDelegate.swift */; };
		23C80142276E548C00038BE3 /* LaunchScreen.storyboard in Resources */ = {isa = PBXBuildFile; fileRef = 23C80140276E548C00038BE3 /* LaunchScreen.storyboard */; };
		23C80151276E5F7400038BE3 /* PokemanOverviewPresenter.swift in Sources */ = {isa = PBXBuildFile; fileRef = 23C8014B276E5F7400038BE3 /* PokemanOverviewPresenter.swift */; };
		23C80152276E5F7400038BE3 /* PokemanOverviewWorker.swift in Sources */ = {isa = PBXBuildFile; fileRef = 23C8014C276E5F7400038BE3 /* PokemanOverviewWorker.swift */; };
		23C80153276E5F7400038BE3 /* PokemanOverviewRouter.swift in Sources */ = {isa = PBXBuildFile; fileRef = 23C8014D276E5F7400038BE3 /* PokemanOverviewRouter.swift */; };
		23C80154276E5F7400038BE3 /* PokemanOverviewModels.swift in Sources */ = {isa = PBXBuildFile; fileRef = 23C8014E276E5F7400038BE3 /* PokemanOverviewModels.swift */; };
		23C80155276E5F7400038BE3 /* PokemanOverviewViewController.swift in Sources */ = {isa = PBXBuildFile; fileRef = 23C8014F276E5F7400038BE3 /* PokemanOverviewViewController.swift */; };
		23C80156276E5F7400038BE3 /* PokemanOverviewInteractor.swift in Sources */ = {isa = PBXBuildFile; fileRef = 23C80150276E5F7400038BE3 /* PokemanOverviewInteractor.swift */; };
		23C8015A276E61D100038BE3 /* APIManager.swift in Sources */ = {isa = PBXBuildFile; fileRef = 23C80158276E61D100038BE3 /* APIManager.swift */; };
		23C8015B276E61D100038BE3 /* BackendManager.swift in Sources */ = {isa = PBXBuildFile; fileRef = 23C80159276E61D100038BE3 /* BackendManager.swift */; };
		23C80164276E622200038BE3 /* PokemanDetailsPresenter.swift in Sources */ = {isa = PBXBuildFile; fileRef = 23C8015E276E622200038BE3 /* PokemanDetailsPresenter.swift */; };
		23C80165276E622200038BE3 /* PokemanDetailsWorker.swift in Sources */ = {isa = PBXBuildFile; fileRef = 23C8015F276E622200038BE3 /* PokemanDetailsWorker.swift */; };
		23C80166276E622200038BE3 /* PokemanDetailsRouter.swift in Sources */ = {isa = PBXBuildFile; fileRef = 23C80160276E622200038BE3 /* PokemanDetailsRouter.swift */; };
		23C80167276E622200038BE3 /* PokemanDetailsModels.swift in Sources */ = {isa = PBXBuildFile; fileRef = 23C80161276E622200038BE3 /* PokemanDetailsModels.swift */; };
		23C80168276E622200038BE3 /* PokemanDetailsViewController.swift in Sources */ = {isa = PBXBuildFile; fileRef = 23C80162276E622200038BE3 /* PokemanDetailsViewController.swift */; };
		23C80169276E622200038BE3 /* PokemanDetailsInteractor.swift in Sources */ = {isa = PBXBuildFile; fileRef = 23C80163276E622200038BE3 /* PokemanDetailsInteractor.swift */; };
		23C8016B276E62A600038BE3 /* PokemanOverview.storyboard in Resources */ = {isa = PBXBuildFile; fileRef = 23C8016A276E62A600038BE3 /* PokemanOverview.storyboard */; };
		23C8016D276E62C100038BE3 /* PokemanDetails.storyboard in Resources */ = {isa = PBXBuildFile; fileRef = 23C8016C276E62B700038BE3 /* PokemanDetails.storyboard */; };
		23C8016F276E62F400038BE3 /* Assets.xcassets in Resources */ = {isa = PBXBuildFile; fileRef = 23C8016E276E62F400038BE3 /* Assets.xcassets */; };
		23C80172276E635E00038BE3 /* PokemonResult.swift in Sources */ = {isa = PBXBuildFile; fileRef = 23C80170276E635E00038BE3 /* PokemonResult.swift */; };
		23C80173276E635E00038BE3 /* PokemanDetails.swift in Sources */ = {isa = PBXBuildFile; fileRef = 23C80171276E635E00038BE3 /* PokemanDetails.swift */; };
/* End PBXBuildFile section */

/* Begin PBXFileReference section */
		23C80132276E548B00038BE3 /* CleanArchitecture.app */ = {isa = PBXFileReference; explicitFileType = wrapper.application; includeInIndex = 0; path = CleanArchitecture.app; sourceTree = BUILT_PRODUCTS_DIR; };
		23C80135276E548B00038BE3 /* AppDelegate.swift */ = {isa = PBXFileReference; lastKnownFileType = sourcecode.swift; path = AppDelegate.swift; sourceTree = "<group>"; };
		23C80137276E548B00038BE3 /* SceneDelegate.swift */ = {isa = PBXFileReference; lastKnownFileType = sourcecode.swift; path = SceneDelegate.swift; sourceTree = "<group>"; };
		23C80141276E548C00038BE3 /* Base */ = {isa = PBXFileReference; lastKnownFileType = file.storyboard; name = Base; path = Base.lproj/LaunchScreen.storyboard; sourceTree = "<group>"; };
		23C80143276E548C00038BE3 /* Info.plist */ = {isa = PBXFileReference; lastKnownFileType = text.plist.xml; path = Info.plist; sourceTree = "<group>"; };
		23C8014B276E5F7400038BE3 /* PokemanOverviewPresenter.swift */ = {isa = PBXFileReference; lastKnownFileType = sourcecode.swift; path = PokemanOverviewPresenter.swift; sourceTree = "<group>"; };
		23C8014C276E5F7400038BE3 /* PokemanOverviewWorker.swift */ = {isa = PBXFileReference; lastKnownFileType = sourcecode.swift; path = PokemanOverviewWorker.swift; sourceTree = "<group>"; };
		23C8014D276E5F7400038BE3 /* PokemanOverviewRouter.swift */ = {isa = PBXFileReference; lastKnownFileType = sourcecode.swift; path = PokemanOverviewRouter.swift; sourceTree = "<group>"; };
		23C8014E276E5F7400038BE3 /* PokemanOverviewModels.swift */ = {isa = PBXFileReference; lastKnownFileType = sourcecode.swift; path = PokemanOverviewModels.swift; sourceTree = "<group>"; };
		23C8014F276E5F7400038BE3 /* PokemanOverviewViewController.swift */ = {isa = PBXFileReference; lastKnownFileType = sourcecode.swift; path = PokemanOverviewViewController.swift; sourceTree = "<group>"; };
		23C80150276E5F7400038BE3 /* PokemanOverviewInteractor.swift */ = {isa = PBXFileReference; lastKnownFileType = sourcecode.swift; path = PokemanOverviewInteractor.swift; sourceTree = "<group>"; };
		23C80158276E61D100038BE3 /* APIManager.swift */ = {isa = PBXFileReference; fileEncoding = 4; lastKnownFileType = sourcecode.swift; name = APIManager.swift; path = ../../../MVC/StridesiOSInterview/API/APIManager.swift; sourceTree = "<group>"; };
		23C80159276E61D100038BE3 /* BackendManager.swift */ = {isa = PBXFileReference; fileEncoding = 4; lastKnownFileType = sourcecode.swift; name = BackendManager.swift; path = ../../../MVC/StridesiOSInterview/API/BackendManager.swift; sourceTree = "<group>"; };
		23C8015E276E622200038BE3 /* PokemanDetailsPresenter.swift */ = {isa = PBXFileReference; lastKnownFileType = sourcecode.swift; path = PokemanDetailsPresenter.swift; sourceTree = "<group>"; };
		23C8015F276E622200038BE3 /* PokemanDetailsWorker.swift */ = {isa = PBXFileReference; lastKnownFileType = sourcecode.swift; path = PokemanDetailsWorker.swift; sourceTree = "<group>"; };
		23C80160276E622200038BE3 /* PokemanDetailsRouter.swift */ = {isa = PBXFileReference; lastKnownFileType = sourcecode.swift; path = PokemanDetailsRouter.swift; sourceTree = "<group>"; };
		23C80161276E622200038BE3 /* PokemanDetailsModels.swift */ = {isa = PBXFileReference; lastKnownFileType = sourcecode.swift; path = PokemanDetailsModels.swift; sourceTree = "<group>"; };
		23C80162276E622200038BE3 /* PokemanDetailsViewController.swift */ = {isa = PBXFileReference; lastKnownFileType = sourcecode.swift; path = PokemanDetailsViewController.swift; sourceTree = "<group>"; };
		23C80163276E622200038BE3 /* PokemanDetailsInteractor.swift */ = {isa = PBXFileReference; lastKnownFileType = sourcecode.swift; path = PokemanDetailsInteractor.swift; sourceTree = "<group>"; };
		23C8016A276E62A600038BE3 /* PokemanOverview.storyboard */ = {isa = PBXFileReference; fileEncoding = 4; lastKnownFileType = file.storyboard; path = PokemanOverview.storyboard; sourceTree = "<group>"; };
		23C8016C276E62B700038BE3 /* PokemanDetails.storyboard */ = {isa = PBXFileReference; lastKnownFileType = file.storyboard; path = PokemanDetails.storyboard; sourceTree = "<group>"; };
		23C8016E276E62F400038BE3 /* Assets.xcassets */ = {isa = PBXFileReference; lastKnownFileType = folder.assetcatalog; path = Assets.xcassets; sourceTree = "<group>"; };
		23C80170276E635E00038BE3 /* PokemonResult.swift */ = {isa = PBXFileReference; fileEncoding = 4; lastKnownFileType = sourcecode.swift; path = PokemonResult.swift; sourceTree = "<group>"; };
		23C80171276E635E00038BE3 /* PokemanDetails.swift */ = {isa = PBXFileReference; fileEncoding = 4; lastKnownFileType = sourcecode.swift; path = PokemanDetails.swift; sourceTree = "<group>"; };
/* End PBXFileReference section */

/* Begin PBXFrameworksBuildPhase section */
		23C8012F276E548B00038BE3 /* Frameworks */ = {
			isa = PBXFrameworksBuildPhase;
			buildActionMask = 2147483647;
			files = (
			);
			runOnlyForDeploymentPostprocessing = 0;
		};
/* End PBXFrameworksBuildPhase section */

/* Begin PBXGroup section */
		23C80129276E548B00038BE3 = {
			isa = PBXGroup;
			children = (
				23C80134276E548B00038BE3 /* CleanArchitecture */,
				23C80133276E548B00038BE3 /* Products */,
			);
			sourceTree = "<group>";
		};
		23C80133276E548B00038BE3 /* Products */ = {
			isa = PBXGroup;
			children = (
				23C80132276E548B00038BE3 /* CleanArchitecture.app */,
			);
			name = Products;
			sourceTree = "<group>";
		};
		23C80134276E548B00038BE3 /* CleanArchitecture */ = {
			isa = PBXGroup;
			children = (
				23C80157276E61C700038BE3 /* API */,
				23C8014A276E5D2700038BE3 /* Screens */,
				23C80149276E5D2200038BE3 /* Model */,
				23C80135276E548B00038BE3 /* AppDelegate.swift */,
				23C80137276E548B00038BE3 /* SceneDelegate.swift */,
				23C8016E276E62F400038BE3 /* Assets.xcassets */,
				23C80140276E548C00038BE3 /* LaunchScreen.storyboard */,
				23C80143276E548C00038BE3 /* Info.plist */,
			);
			path = CleanArchitecture;
			sourceTree = "<group>";
		};
		23C80149276E5D2200038BE3 /* Model */ = {
			isa = PBXGroup;
			children = (
				23C80171276E635E00038BE3 /* PokemanDetails.swift */,
				23C80170276E635E00038BE3 /* PokemonResult.swift */,
			);
			path = Model;
			sourceTree = "<group>";
		};
		23C8014A276E5D2700038BE3 /* Screens */ = {
			isa = PBXGroup;
			children = (
				23C8015D276E620700038BE3 /* PokemonDetails */,
				23C8015C276E61E600038BE3 /* PokemanOverview */,
			);
			path = Screens;
			sourceTree = "<group>";
		};
		23C80157276E61C700038BE3 /* API */ = {
			isa = PBXGroup;
			children = (
				23C80158276E61D100038BE3 /* APIManager.swift */,
				23C80159276E61D100038BE3 /* BackendManager.swift */,
			);
			path = API;
			sourceTree = "<group>";
		};
		23C8015C276E61E600038BE3 /* PokemanOverview */ = {
			isa = PBXGroup;
			children = (
				23C8016A276E62A600038BE3 /* PokemanOverview.storyboard */,
				23C8014B276E5F7400038BE3 /* PokemanOverviewPresenter.swift */,
				23C8014C276E5F7400038BE3 /* PokemanOverviewWorker.swift */,
				23C8014D276E5F7400038BE3 /* PokemanOverviewRouter.swift */,
				23C8014E276E5F7400038BE3 /* PokemanOverviewModels.swift */,
				23C8014F276E5F7400038BE3 /* PokemanOverviewViewController.swift */,
				23C80150276E5F7400038BE3 /* PokemanOverviewInteractor.swift */,
			);
			path = PokemanOverview;
			sourceTree = "<group>";
		};
		23C8015D276E620700038BE3 /* PokemonDetails */ = {
			isa = PBXGroup;
			children = (
				23C8015E276E622200038BE3 /* PokemanDetailsPresenter.swift */,
				23C8015F276E622200038BE3 /* PokemanDetailsWorker.swift */,
				23C80160276E622200038BE3 /* PokemanDetailsRouter.swift */,
				23C80161276E622200038BE3 /* PokemanDetailsModels.swift */,
				23C80162276E622200038BE3 /* PokemanDetailsViewController.swift */,
				23C80163276E622200038BE3 /* PokemanDetailsInteractor.swift */,
				23C8016C276E62B700038BE3 /* PokemanDetails.storyboard */,
			);
			path = PokemonDetails;
			sourceTree = "<group>";
		};
/* End PBXGroup section */

/* Begin PBXNativeTarget section */
		23C80131276E548B00038BE3 /* CleanArchitecture */ = {
			isa = PBXNativeTarget;
			buildConfigurationList = 23C80146276E548C00038BE3 /* Build configuration list for PBXNativeTarget "CleanArchitecture" */;
			buildPhases = (
				23C8012E276E548B00038BE3 /* Sources */,
				23C8012F276E548B00038BE3 /* Frameworks */,
				23C80130276E548B00038BE3 /* Resources */,
			);
			buildRules = (
			);
			dependencies = (
			);
			name = CleanArchitecture;
			productName = CleanArchitecture;
			productReference = 23C80132276E548B00038BE3 /* CleanArchitecture.app */;
			productType = "com.apple.product-type.application";
		};
/* End PBXNativeTarget section */

/* Begin PBXProject section */
		23C8012A276E548B00038BE3 /* Project object */ = {
			isa = PBXProject;
			attributes = {
				BuildIndependentTargetsInParallel = 1;
				LastSwiftUpdateCheck = 1310;
				LastUpgradeCheck = 1310;
				TargetAttributes = {
					23C80131276E548B00038BE3 = {
						CreatedOnToolsVersion = 13.1;
					};
				};
			};
			buildConfigurationList = 23C8012D276E548B00038BE3 /* Build configuration list for PBXProject "CleanArchitecture" */;
			compatibilityVersion = "Xcode 13.0";
			developmentRegion = en;
			hasScannedForEncodings = 0;
			knownRegions = (
				en,
				Base,
			);
			mainGroup = 23C80129276E548B00038BE3;
			productRefGroup = 23C80133276E548B00038BE3 /* Products */;
			projectDirPath = "";
			projectRoot = "";
			targets = (
				23C80131276E548B00038BE3 /* CleanArchitecture */,
			);
		};
/* End PBXProject section */

/* Begin PBXResourcesBuildPhase section */
		23C80130276E548B00038BE3 /* Resources */ = {
			isa = PBXResourcesBuildPhase;
			buildActionMask = 2147483647;
			files = (
				23C80142276E548C00038BE3 /* LaunchScreen.storyboard in Resources */,
				23C8016B276E62A600038BE3 /* PokemanOverview.storyboard in Resources */,
				23C8016D276E62C100038BE3 /* PokemanDetails.storyboard in Resources */,
				23C8016F276E62F400038BE3 /* Assets.xcassets in Resources */,
			);
			runOnlyForDeploymentPostprocessing = 0;
		};
/* End PBXResourcesBuildPhase section */

/* Begin PBXSourcesBuildPhase section */
		23C8012E276E548B00038BE3 /* Sources */ = {
			isa = PBXSourcesBuildPhase;
			buildActionMask = 2147483647;
			files = (
				23C80167276E622200038BE3 /* PokemanDetailsModels.swift in Sources */,
				23C80154276E5F7400038BE3 /* PokemanOverviewModels.swift in Sources */,
				23C80155276E5F7400038BE3 /* PokemanOverviewViewController.swift in Sources */,
				23C80136276E548B00038BE3 /* AppDelegate.swift in Sources */,
				23C8015A276E61D100038BE3 /* APIManager.swift in Sources */,
				23C80169276E622200038BE3 /* PokemanDetailsInteractor.swift in Sources */,
				23C80151276E5F7400038BE3 /* PokemanOverviewPresenter.swift in Sources */,
				23C80166276E622200038BE3 /* PokemanDetailsRouter.swift in Sources */,
				23C80172276E635E00038BE3 /* PokemonResult.swift in Sources */,
				23C80152276E5F7400038BE3 /* PokemanOverviewWorker.swift in Sources */,
				23C80173276E635E00038BE3 /* PokemanDetails.swift in Sources */,
				23C8015B276E61D100038BE3 /* BackendManager.swift in Sources */,
				23C80164276E622200038BE3 /* PokemanDetailsPresenter.swift in Sources */,
				23C80165276E622200038BE3 /* PokemanDetailsWorker.swift in Sources */,
				23C80153276E5F7400038BE3 /* PokemanOverviewRouter.swift in Sources */,
				23C80138276E548B00038BE3 /* SceneDelegate.swift in Sources */,
				23C80168276E622200038BE3 /* PokemanDetailsViewController.swift in Sources */,
				23C80156276E5F7400038BE3 /* PokemanOverviewInteractor.swift in Sources */,
			);
			runOnlyForDeploymentPostprocessing = 0;
		};
/* End PBXSourcesBuildPhase section */

/* Begin PBXVariantGroup section */
		23C80140276E548C00038BE3 /* LaunchScreen.storyboard */ = {
			isa = PBXVariantGroup;
			children = (
				23C80141276E548C00038BE3 /* Base */,
			);
			name = LaunchScreen.storyboard;
			sourceTree = "<group>";
		};
/* End PBXVariantGroup section */

/* Begin XCBuildConfiguration section */
		23C80144276E548C00038BE3 /* Debug */ = {
			isa = XCBuildConfiguration;
			buildSettings = {
				ALWAYS_SEARCH_USER_PATHS = NO;
				CLANG_ANALYZER_NONNULL = YES;
				CLANG_ANALYZER_NUMBER_OBJECT_CONVERSION = YES_AGGRESSIVE;
				CLANG_CXX_LANGUAGE_STANDARD = "gnu++17";
				CLANG_CXX_LIBRARY = "libc++";
				CLANG_ENABLE_MODULES = YES;
				CLANG_ENABLE_OBJC_ARC = YES;
				CLANG_ENABLE_OBJC_WEAK = YES;
				CLANG_WARN_BLOCK_CAPTURE_AUTORELEASING = YES;
				CLANG_WARN_BOOL_CONVERSION = YES;
				CLANG_WARN_COMMA = YES;
				CLANG_WARN_CONSTANT_CONVERSION = YES;
				CLANG_WARN_DEPRECATED_OBJC_IMPLEMENTATIONS = YES;
				CLANG_WARN_DIRECT_OBJC_ISA_USAGE = YES_ERROR;
				CLANG_WARN_DOCUMENTATION_COMMENTS = YES;
				CLANG_WARN_EMPTY_BODY = YES;
				CLANG_WARN_ENUM_CONVERSION = YES;
				CLANG_WARN_INFINITE_RECURSION = YES;
				CLANG_WARN_INT_CONVERSION = YES;
				CLANG_WARN_NON_LITERAL_NULL_CONVERSION = YES;
				CLANG_WARN_OBJC_IMPLICIT_RETAIN_SELF = YES;
				CLANG_WARN_OBJC_LITERAL_CONVERSION = YES;
				CLANG_WARN_OBJC_ROOT_CLASS = YES_ERROR;
				CLANG_WARN_QUOTED_INCLUDE_IN_FRAMEWORK_HEADER = YES;
				CLANG_WARN_RANGE_LOOP_ANALYSIS = YES;
				CLANG_WARN_STRICT_PROTOTYPES = YES;
				CLANG_WARN_SUSPICIOUS_MOVE = YES;
				CLANG_WARN_UNGUARDED_AVAILABILITY = YES_AGGRESSIVE;
				CLANG_WARN_UNREACHABLE_CODE = YES;
				CLANG_WARN__DUPLICATE_METHOD_MATCH = YES;
				COPY_PHASE_STRIP = NO;
				DEBUG_INFORMATION_FORMAT = dwarf;
				ENABLE_STRICT_OBJC_MSGSEND = YES;
				ENABLE_TESTABILITY = YES;
				GCC_C_LANGUAGE_STANDARD = gnu11;
				GCC_DYNAMIC_NO_PIC = NO;
				GCC_NO_COMMON_BLOCKS = YES;
				GCC_OPTIMIZATION_LEVEL = 0;
				GCC_PREPROCESSOR_DEFINITIONS = (
					"DEBUG=1",
					"$(inherited)",
				);
				GCC_WARN_64_TO_32_BIT_CONVERSION = YES;
				GCC_WARN_ABOUT_RETURN_TYPE = YES_ERROR;
				GCC_WARN_UNDECLARED_SELECTOR = YES;
				GCC_WARN_UNINITIALIZED_AUTOS = YES_AGGRESSIVE;
				GCC_WARN_UNUSED_FUNCTION = YES;
				GCC_WARN_UNUSED_VARIABLE = YES;
				IPHONEOS_DEPLOYMENT_TARGET = 15.0;
				MTL_ENABLE_DEBUG_INFO = INCLUDE_SOURCE;
				MTL_FAST_MATH = YES;
				ONLY_ACTIVE_ARCH = YES;
				SDKROOT = iphoneos;
				SWIFT_ACTIVE_COMPILATION_CONDITIONS = DEBUG;
				SWIFT_OPTIMIZATION_LEVEL = "-Onone";
			};
			name = Debug;
		};
		23C80145276E548C00038BE3 /* Release */ = {
			isa = XCBuildConfiguration;
			buildSettings = {
				ALWAYS_SEARCH_USER_PATHS = NO;
				CLANG_ANALYZER_NONNULL = YES;
				CLANG_ANALYZER_NUMBER_OBJECT_CONVERSION = YES_AGGRESSIVE;
				CLANG_CXX_LANGUAGE_STANDARD = "gnu++17";
				CLANG_CXX_LIBRARY = "libc++";
				CLANG_ENABLE_MODULES = YES;
				CLANG_ENABLE_OBJC_ARC = YES;
				CLANG_ENABLE_OBJC_WEAK = YES;
				CLANG_WARN_BLOCK_CAPTURE_AUTORELEASING = YES;
				CLANG_WARN_BOOL_CONVERSION = YES;
				CLANG_WARN_COMMA = YES;
				CLANG_WARN_CONSTANT_CONVERSION = YES;
				CLANG_WARN_DEPRECATED_OBJC_IMPLEMENTATIONS = YES;
				CLANG_WARN_DIRECT_OBJC_ISA_USAGE = YES_ERROR;
				CLANG_WARN_DOCUMENTATION_COMMENTS = YES;
				CLANG_WARN_EMPTY_BODY = YES;
				CLANG_WARN_ENUM_CONVERSION = YES;
				CLANG_WARN_INFINITE_RECURSION = YES;
				CLANG_WARN_INT_CONVERSION = YES;
				CLANG_WARN_NON_LITERAL_NULL_CONVERSION = YES;
				CLANG_WARN_OBJC_IMPLICIT_RETAIN_SELF = YES;
				CLANG_WARN_OBJC_LITERAL_CONVERSION = YES;
				CLANG_WARN_OBJC_ROOT_CLASS = YES_ERROR;
				CLANG_WARN_QUOTED_INCLUDE_IN_FRAMEWORK_HEADER = YES;
				CLANG_WARN_RANGE_LOOP_ANALYSIS = YES;
				CLANG_WARN_STRICT_PROTOTYPES = YES;
				CLANG_WARN_SUSPICIOUS_MOVE = YES;
				CLANG_WARN_UNGUARDED_AVAILABILITY = YES_AGGRESSIVE;
				CLANG_WARN_UNREACHABLE_CODE = YES;
				CLANG_WARN__DUPLICATE_METHOD_MATCH = YES;
				COPY_PHASE_STRIP = NO;
				DEBUG_INFORMATION_FORMAT = "dwarf-with-dsym";
				ENABLE_NS_ASSERTIONS = NO;
				ENABLE_STRICT_OBJC_MSGSEND = YES;
				GCC_C_LANGUAGE_STANDARD = gnu11;
				GCC_NO_COMMON_BLOCKS = YES;
				GCC_WARN_64_TO_32_BIT_CONVERSION = YES;
				GCC_WARN_ABOUT_RETURN_TYPE = YES_ERROR;
				GCC_WARN_UNDECLARED_SELECTOR = YES;
				GCC_WARN_UNINITIALIZED_AUTOS = YES_AGGRESSIVE;
				GCC_WARN_UNUSED_FUNCTION = YES;
				GCC_WARN_UNUSED_VARIABLE = YES;
				IPHONEOS_DEPLOYMENT_TARGET = 15.0;
				MTL_ENABLE_DEBUG_INFO = NO;
				MTL_FAST_MATH = YES;
				SDKROOT = iphoneos;
				SWIFT_COMPILATION_MODE = wholemodule;
				SWIFT_OPTIMIZATION_LEVEL = "-O";
				VALIDATE_PRODUCT = YES;
			};
			name = Release;
		};
		23C80147276E548C00038BE3 /* Debug */ = {
			isa = XCBuildConfiguration;
			buildSettings = {
				ASSETCATALOG_COMPILER_APPICON_NAME = AppIcon;
				ASSETCATALOG_COMPILER_GLOBAL_ACCENT_COLOR_NAME = AccentColor;
				CODE_SIGN_STYLE = Automatic;
				CURRENT_PROJECT_VERSION = 1;
				DEVELOPMENT_TEAM = RE524LJXV2;
				GENERATE_INFOPLIST_FILE = YES;
				INFOPLIST_FILE = CleanArchitecture/Info.plist;
				INFOPLIST_KEY_UIApplicationSupportsIndirectInputEvents = YES;
				INFOPLIST_KEY_UILaunchStoryboardName = LaunchScreen;
				INFOPLIST_KEY_UIMainStoryboardFile = PokemanOverview;
				INFOPLIST_KEY_UISupportedInterfaceOrientations_iPad = "UIInterfaceOrientationPortrait UIInterfaceOrientationPortraitUpsideDown UIInterfaceOrientationLandscapeLeft UIInterfaceOrientationLandscapeRight";
				INFOPLIST_KEY_UISupportedInterfaceOrientations_iPhone = "UIInterfaceOrientationPortrait UIInterfaceOrientationLandscapeLeft UIInterfaceOrientationLandscapeRight";
				LD_RUNPATH_SEARCH_PATHS = (
					"$(inherited)",
					"@executable_path/Frameworks",
				);
				MARKETING_VERSION = 1.0;
				PRODUCT_BUNDLE_IDENTIFIER = com.stridesdevelopment.CleanArchitecture;
				PRODUCT_NAME = "$(TARGET_NAME)";
				SWIFT_EMIT_LOC_STRINGS = YES;
				SWIFT_VERSION = 5.0;
				TARGETED_DEVICE_FAMILY = "1,2";
			};
			name = Debug;
		};
		23C80148276E548C00038BE3 /* Release */ = {
			isa = XCBuildConfiguration;
			buildSettings = {
				ASSETCATALOG_COMPILER_APPICON_NAME = AppIcon;
				ASSETCATALOG_COMPILER_GLOBAL_ACCENT_COLOR_NAME = AccentColor;
				CODE_SIGN_STYLE = Automatic;
				CURRENT_PROJECT_VERSION = 1;
				DEVELOPMENT_TEAM = RE524LJXV2;
				GENERATE_INFOPLIST_FILE = YES;
				INFOPLIST_FILE = CleanArchitecture/Info.plist;
				INFOPLIST_KEY_UIApplicationSupportsIndirectInputEvents = YES;
				INFOPLIST_KEY_UILaunchStoryboardName = LaunchScreen;
				INFOPLIST_KEY_UIMainStoryboardFile = PokemanOverview;
				INFOPLIST_KEY_UISupportedInterfaceOrientations_iPad = "UIInterfaceOrientationPortrait UIInterfaceOrientationPortraitUpsideDown UIInterfaceOrientationLandscapeLeft UIInterfaceOrientationLandscapeRight";
				INFOPLIST_KEY_UISupportedInterfaceOrientations_iPhone = "UIInterfaceOrientationPortrait UIInterfaceOrientationLandscapeLeft UIInterfaceOrientationLandscapeRight";
				LD_RUNPATH_SEARCH_PATHS = (
					"$(inherited)",
					"@executable_path/Frameworks",
				);
				MARKETING_VERSION = 1.0;
				PRODUCT_BUNDLE_IDENTIFIER = com.stridesdevelopment.CleanArchitecture;
				PRODUCT_NAME = "$(TARGET_NAME)";
				SWIFT_EMIT_LOC_STRINGS = YES;
				SWIFT_VERSION = 5.0;
				TARGETED_DEVICE_FAMILY = "1,2";
			};
			name = Release;
		};
/* End XCBuildConfiguration section */

/* Begin XCConfigurationList section */
		23C8012D276E548B00038BE3 /* Build configuration list for PBXProject "CleanArchitecture" */ = {
			isa = XCConfigurationList;
			buildConfigurations = (
				23C80144276E548C00038BE3 /* Debug */,
				23C80145276E548C00038BE3 /* Release */,
			);
			defaultConfigurationIsVisible = 0;
			defaultConfigurationName = Release;
		};
		23C80146276E548C00038BE3 /* Build configuration list for PBXNativeTarget "CleanArchitecture" */ = {
			isa = XCConfigurationList;
			buildConfigurations = (
				23C80147276E548C00038BE3 /* Debug */,
				23C80148276E548C00038BE3 /* Release */,
			);
			defaultConfigurationIsVisible = 0;
			defaultConfigurationName = Release;
		};
/* End XCConfigurationList section */
	};
	rootObject = 23C8012A276E548B00038BE3 /* Project object */;
}
